
Microsoft Visual Studio Solution File, Format Version 12.00
Project("{FAE04EC0-301F-11D3-BF4B-00C04F79EFBC}") = "Day1-ReportRepair", "Day1-ReportRepair\Day1-ReportRepair.csproj", "{453359AA-73E7-4A81-B5D4-C6D2979059AB}"
EndProject
Project("{FAE04EC0-301F-11D3-BF4B-00C04F79EFBC}") = "Day2-PasswordPhilosophy", "Day2-PasswordPhilosophy\Day2-PasswordPhilosophy.csproj", "{702E4174-C99B-4889-9030-3A81DD0F3AAA}"
EndProject
Project("{FAE04EC0-301F-11D3-BF4B-00C04F79EFBC}") = "Day3-TobogganTrajectory", "Day3-TobogganTrajectory\Day3-TobogganTrajectory.csproj", "{F82468F9-670C-4FB9-98D0-A5C96291F9B2}"
EndProject
Project("{FAE04EC0-301F-11D3-BF4B-00C04F79EFBC}") = "Solver", "Solver\Solver.csproj", "{DD29B056-2D33-4223-A7B8-93A10DEF4AAF}"
EndProject
Project("{FAE04EC0-301F-11D3-BF4B-00C04F79EFBC}") = "Day4-PassportProcessing", "Day4-PassportProcessing\Day4-PassportProcessing.csproj", "{71AA9008-382E-4912-AA94-539C521D629F}"
EndProject
Project("{FAE04EC0-301F-11D3-BF4B-00C04F79EFBC}") = "Day5-BinaryBoarding", "Day5-BinaryBoarding\Day5-BinaryBoarding.csproj", "{FCE8BD0E-E411-4B3B-9DAA-5DE3D439CAAB}"
EndProject
Global
	GlobalSection(SolutionConfigurationPlatforms) = preSolution
		Debug|Any CPU = Debug|Any CPU
		Release|Any CPU = Release|Any CPU
	EndGlobalSection
	GlobalSection(ProjectConfigurationPlatforms) = postSolution
		{453359AA-73E7-4A81-B5D4-C6D2979059AB}.Debug|Any CPU.ActiveCfg = Debug|Any CPU
		{453359AA-73E7-4A81-B5D4-C6D2979059AB}.Debug|Any CPU.Build.0 = Debug|Any CPU
		{453359AA-73E7-4A81-B5D4-C6D2979059AB}.Release|Any CPU.ActiveCfg = Release|Any CPU
		{453359AA-73E7-4A81-B5D4-C6D2979059AB}.Release|Any CPU.Build.0 = Release|Any CPU
		{702E4174-C99B-4889-9030-3A81DD0F3AAA}.Debug|Any CPU.ActiveCfg = Debug|Any CPU
		{702E4174-C99B-4889-9030-3A81DD0F3AAA}.Debug|Any CPU.Build.0 = Debug|Any CPU
		{702E4174-C99B-4889-9030-3A81DD0F3AAA}.Release|Any CPU.ActiveCfg = Release|Any CPU
		{702E4174-C99B-4889-9030-3A81DD0F3AAA}.Release|Any CPU.Build.0 = Release|Any CPU
		{F82468F9-670C-4FB9-98D0-A5C96291F9B2}.Debug|Any CPU.ActiveCfg = Debug|Any CPU
		{F82468F9-670C-4FB9-98D0-A5C96291F9B2}.Debug|Any CPU.Build.0 = Debug|Any CPU
		{F82468F9-670C-4FB9-98D0-A5C96291F9B2}.Release|Any CPU.ActiveCfg = Release|Any CPU
		{F82468F9-670C-4FB9-98D0-A5C96291F9B2}.Release|Any CPU.Build.0 = Release|Any CPU
		{DD29B056-2D33-4223-A7B8-93A10DEF4AAF}.Debug|Any CPU.ActiveCfg = Debug|Any CPU
		{DD29B056-2D33-4223-A7B8-93A10DEF4AAF}.Debug|Any CPU.Build.0 = Debug|Any CPU
		{DD29B056-2D33-4223-A7B8-93A10DEF4AAF}.Release|Any CPU.ActiveCfg = Release|Any CPU
		{DD29B056-2D33-4223-A7B8-93A10DEF4AAF}.Release|Any CPU.Build.0 = Release|Any CPU
		{71AA9008-382E-4912-AA94-539C521D629F}.Debug|Any CPU.ActiveCfg = Debug|Any CPU
		{71AA9008-382E-4912-AA94-539C521D629F}.Debug|Any CPU.Build.0 = Debug|Any CPU
		{71AA9008-382E-4912-AA94-539C521D629F}.Release|Any CPU.ActiveCfg = Release|Any CPU
		{71AA9008-382E-4912-AA94-539C521D629F}.Release|Any CPU.Build.0 = Release|Any CPU
		{FCE8BD0E-E411-4B3B-9DAA-5DE3D439CAAB}.Debug|Any CPU.ActiveCfg = Debug|Any CPU
		{FCE8BD0E-E411-4B3B-9DAA-5DE3D439CAAB}.Debug|Any CPU.Build.0 = Debug|Any CPU
		{FCE8BD0E-E411-4B3B-9DAA-5DE3D439CAAB}.Release|Any CPU.ActiveCfg = Release|Any CPU
		{FCE8BD0E-E411-4B3B-9DAA-5DE3D439CAAB}.Release|Any CPU.Build.0 = Release|Any CPU
	EndGlobalSection
EndGlobal
