
Microsoft Visual Studio Solution File, Format Version 12.00
Project("{FAE04EC0-301F-11D3-BF4B-00C04F79EFBC}") = "Day1-ReportRepair", "Day1-ReportRepair\Day1-ReportRepair.csproj", "{453359AA-73E7-4A81-B5D4-C6D2979059AB}"
EndProject
Global
	GlobalSection(SolutionConfigurationPlatforms) = preSolution
		Debug|Any CPU = Debug|Any CPU
		Release|Any CPU = Release|Any CPU
	EndGlobalSection
	GlobalSection(ProjectConfigurationPlatforms) = postSolution
		{453359AA-73E7-4A81-B5D4-C6D2979059AB}.Debug|Any CPU.ActiveCfg = Debug|Any CPU
		{453359AA-73E7-4A81-B5D4-C6D2979059AB}.Debug|Any CPU.Build.0 = Debug|Any CPU
		{453359AA-73E7-4A81-B5D4-C6D2979059AB}.Release|Any CPU.ActiveCfg = Release|Any CPU
		{453359AA-73E7-4A81-B5D4-C6D2979059AB}.Release|Any CPU.Build.0 = Release|Any CPU
	EndGlobalSection
EndGlobal
